
Microsoft Visual Studio Solution File, Format Version 12.00
# Visual Studio Version 17
Project("{2150E333-8FDC-42A3-9474-1A3956D46DE8}") = "AllProjs", "AllProjs", "{B4D0AA58-F025-3281-9849-614BCD0EE4DC}"
EndProject
Project("{2150E333-8FDC-42A3-9474-1A3956D46DE8}") = "CMakePredefinedTargets", "CMakePredefinedTargets", "{D890AD52-4C04-33AC-97A5-027169D45BE4}"
EndProject
Project("{8BC9CEB8-8B4A-11D0-8D11-00A0C91BC942}") = "ALL_BUILD", "ALL_BUILD.vcxproj", "{B5AEC086-C610-3478-BF37-6F16CDA4E67B}"
	ProjectSection(ProjectDependencies) = postProject
		{481C29B2-A78A-3413-B839-877A02A55493} = {481C29B2-A78A-3413-B839-877A02A55493}
		{433B54E6-87EF-39DE-A951-2D2CA6899741} = {433B54E6-87EF-39DE-A951-2D2CA6899741}
	EndProjectSection
EndProject
Project("{8BC9CEB8-8B4A-11D0-8D11-00A0C91BC942}") = "AppBinaryFiles", "AppBinaryFiles\AppBinaryFiles.vcxproj", "{481C29B2-A78A-3413-B839-877A02A55493}"
	ProjectSection(ProjectDependencies) = postProject
		{433B54E6-87EF-39DE-A951-2D2CA6899741} = {433B54E6-87EF-39DE-A951-2D2CA6899741}
	EndProjectSection
EndProject
Project("{8BC9CEB8-8B4A-11D0-8D11-00A0C91BC942}") = "ZERO_CHECK", "ZERO_CHECK.vcxproj", "{433B54E6-87EF-39DE-A951-2D2CA6899741}"
	ProjectSection(ProjectDependencies) = postProject
	EndProjectSection
EndProject
Global
	GlobalSection(SolutionConfigurationPlatforms) = preSolution
		Debug|x64 = Debug|x64
		Release|x64 = Release|x64
	EndGlobalSection
	GlobalSection(ProjectConfigurationPlatforms) = postSolution
		{B5AEC086-C610-3478-BF37-6F16CDA4E67B}.Debug|x64.ActiveCfg = Debug|x64
		{B5AEC086-C610-3478-BF37-6F16CDA4E67B}.Release|x64.ActiveCfg = Release|x64
		{481C29B2-A78A-3413-B839-877A02A55493}.Debug|x64.ActiveCfg = Debug|x64
		{481C29B2-A78A-3413-B839-877A02A55493}.Debug|x64.Build.0 = Debug|x64
		{481C29B2-A78A-3413-B839-877A02A55493}.Release|x64.ActiveCfg = Release|x64
		{481C29B2-A78A-3413-B839-877A02A55493}.Release|x64.Build.0 = Release|x64
		{433B54E6-87EF-39DE-A951-2D2CA6899741}.Debug|x64.ActiveCfg = Debug|x64
		{433B54E6-87EF-39DE-A951-2D2CA6899741}.Debug|x64.Build.0 = Debug|x64
		{433B54E6-87EF-39DE-A951-2D2CA6899741}.Release|x64.ActiveCfg = Release|x64
		{433B54E6-87EF-39DE-A951-2D2CA6899741}.Release|x64.Build.0 = Release|x64
	EndGlobalSection
	GlobalSection(NestedProjects) = preSolution
		{481C29B2-A78A-3413-B839-877A02A55493} = {B4D0AA58-F025-3281-9849-614BCD0EE4DC}
		{B5AEC086-C610-3478-BF37-6F16CDA4E67B} = {D890AD52-4C04-33AC-97A5-027169D45BE4}
		{433B54E6-87EF-39DE-A951-2D2CA6899741} = {D890AD52-4C04-33AC-97A5-027169D45BE4}
	EndGlobalSection
	GlobalSection(ExtensibilityGlobals) = postSolution
		SolutionGuid = {6728F87F-8661-3C3B-8B54-C568BB8B37DC}
	EndGlobalSection
	GlobalSection(ExtensibilityAddIns) = postSolution
	EndGlobalSection
EndGlobal
