<?xml version="1.0" encoding="utf-8"?>
<Project ToolsVersion="17.0" xmlns="http://schemas.microsoft.com/developer/msbuild/2003">
  <ItemGroup>
    <CustomBuild Include="C:\User\Pedro\Projects\BinaryFiles\BinaryFiles-build\CMakeFiles\9b5f64047af42f3014a5efeb27cb3fd2\generate.stamp.rule">
      <Filter>CMake Rules</Filter>
    </CustomBuild>
  </ItemGroup>
  <ItemGroup>
    <Filter Include="CMake Rules">
      <UniqueIdentifier>{64FFD0DA-A33F-3E41-A3B3-279F03F460AB}</UniqueIdentifier>
    </Filter>
  </ItemGroup>
</Project>
